PODS:
  - biometric_signature (8.4.0):
    - Flutter
  - Flutter (1.0.0)
  - shared_preferences_foundation (0.0.1):
    - Flutter
    - FlutterMacOS

DEPENDENCIES:
  - biometric_signature (from `.symlinks/plugins/biometric_signature/ios`)
  - Flutter (from `Flutter`)
  - shared_preferences_foundation (from `.symlinks/plugins/shared_preferences_foundation/darwin`)

EXTERNAL SOURCES:
  biometric_signature:
    :path: ".symlinks/plugins/biometric_signature/ios"
  Flutter:
    :path: Flutter
  shared_preferences_foundation:
    :path: ".symlinks/plugins/shared_preferences_foundation/darwin"

SPEC CHECKSUMS:
  biometric_signature: 5160c5cd418b13675e7aeb43a4bd1d507fe31e7c
  Flutter: cabc95a1d2626b1b06e7179b784ebcf0c0cde467
  shared_preferences_foundation: 9e1978ff2562383bd5676f64ec4e9aa8fa06a6f7

PODFILE CHECKSUM: 945703bf1a4050fb8e8f15e616b94692e130196f

COCOAPODS: 1.16.2
