PODS:
  - biometric_signature (11.1.0):
    - Flutter
  - Flutter (1.0.0)
  - integration_test (0.0.1):
    - Flutter

DEPENDENCIES:
  - biometric_signature (from `.symlinks/plugins/biometric_signature/ios`)
  - Flutter (from `Flutter`)
  - integration_test (from `.symlinks/plugins/integration_test/ios`)

EXTERNAL SOURCES:
  biometric_signature:
    :path: ".symlinks/plugins/biometric_signature/ios"
  Flutter:
    :path: Flutter
  integration_test:
    :path: ".symlinks/plugins/integration_test/ios"

SPEC CHECKSUMS:
  biometric_signature: b1ed329d3e436a2b14760c8742a9b8b9e0d1e179
  Flutter: e0871f40cf51350855a761d2e70bf5af5b9b5de7
  integration_test: 4a889634ef21a45d28d50d622cf412dc6d9f586e

PODFILE CHECKSUM: 5c8eb167e48255b7544ab290f70b4d6a1076ca06

COCOAPODS: 1.16.2
