PODS:
  - biometric_signature (11.1.0):
    - FlutterMacOS
  - FlutterMacOS (1.0.0)

DEPENDENCIES:
  - biometric_signature (from `Flutter/ephemeral/.symlinks/plugins/biometric_signature/macos`)
  - FlutterMacOS (from `Flutter/ephemeral`)

EXTERNAL SOURCES:
  biometric_signature:
    :path: Flutter/ephemeral/.symlinks/plugins/biometric_signature/macos
  FlutterMacOS:
    :path: Flutter/ephemeral

SPEC CHECKSUMS:
  biometric_signature: d525e9f89cf475b62a1dfd84c00dfd125ee58e7a
  FlutterMacOS: 8f6f14fa908a6fb3fba0cd85dbd81ec4b251fb24

PODFILE CHECKSUM: 54d867c82ac51cbd61b565781b9fada492027009

COCOAPODS: 1.16.2
