PODS:
  - biometric_signature (13.2.0):
    - FlutterMacOS
  - FlutterMacOS (1.0.0)

DEPENDENCIES:
  - biometric_signature (from `Flutter/ephemeral/.symlinks/plugins/biometric_signature/macos`)
  - FlutterMacOS (from `Flutter/ephemeral`)

EXTERNAL SOURCES:
  biometric_signature:
    :path: Flutter/ephemeral/.symlinks/plugins/biometric_signature/macos
  FlutterMacOS:
    :path: Flutter/ephemeral

SPEC CHECKSUMS:
  biometric_signature: b51fa19e1676ccbb0d08fa6e9fff7695e28d5f0c
  FlutterMacOS: 8f6f14fa908a6fb3fba0cd85dbd81ec4b251fb24

PODFILE CHECKSUM: 63c9c90cafd030c1e301ed8ecb1ebafa84e9c397

COCOAPODS: 1.17.0
